
Microsoft Visual Studio Solution File, Format Version 12.00
# Visual Studio Version 16
VisualStudioVersion = 16.0.31911.196
MinimumVisualStudioVersion = 10.0.40219.1
Project("{9A19103F-16F7-4668-BE54-9A1E7A4F7556}") = "ProjApi", "ProjApi\ProjApi.csproj", "{9F914C19-8D19-41DE-BD52-92268C8BEEEE}"
EndProject
Project("{FAE04EC0-301F-11D3-BF4B-00C04F79EFBC}") = "FMRCommon", "FMRCommon\FMRCommon.csproj", "{92E39564-C673-434C-A58C-5A679B175ACB}"
EndProject
Project("{FAE04EC0-301F-11D3-BF4B-00C04F79EFBC}") = "FMRCore", "FMRCore\FMRCore.csproj", "{AE1D288A-11E7-40AA-BADE-FACD17DA6148}"
EndProject
Global
	GlobalSection(SolutionConfigurationPlatforms) = preSolution
		Debug|Any CPU = Debug|Any CPU
		Release|Any CPU = Release|Any CPU
	EndGlobalSection
	GlobalSection(ProjectConfigurationPlatforms) = postSolution
		{9F914C19-8D19-41DE-BD52-92268C8BEEEE}.Debug|Any CPU.ActiveCfg = Debug|Any CPU
		{9F914C19-8D19-41DE-BD52-92268C8BEEEE}.Debug|Any CPU.Build.0 = Debug|Any CPU
		{9F914C19-8D19-41DE-BD52-92268C8BEEEE}.Release|Any CPU.ActiveCfg = Release|Any CPU
		{9F914C19-8D19-41DE-BD52-92268C8BEEEE}.Release|Any CPU.Build.0 = Release|Any CPU
		{92E39564-C673-434C-A58C-5A679B175ACB}.Debug|Any CPU.ActiveCfg = Debug|Any CPU
		{92E39564-C673-434C-A58C-5A679B175ACB}.Debug|Any CPU.Build.0 = Debug|Any CPU
		{92E39564-C673-434C-A58C-5A679B175ACB}.Release|Any CPU.ActiveCfg = Release|Any CPU
		{92E39564-C673-434C-A58C-5A679B175ACB}.Release|Any CPU.Build.0 = Release|Any CPU
		{AE1D288A-11E7-40AA-BADE-FACD17DA6148}.Debug|Any CPU.ActiveCfg = Debug|Any CPU
		{AE1D288A-11E7-40AA-BADE-FACD17DA6148}.Debug|Any CPU.Build.0 = Debug|Any CPU
		{AE1D288A-11E7-40AA-BADE-FACD17DA6148}.Release|Any CPU.ActiveCfg = Release|Any CPU
		{AE1D288A-11E7-40AA-BADE-FACD17DA6148}.Release|Any CPU.Build.0 = Release|Any CPU
	EndGlobalSection
	GlobalSection(SolutionProperties) = preSolution
		HideSolutionNode = FALSE
	EndGlobalSection
	GlobalSection(ExtensibilityGlobals) = postSolution
		SolutionGuid = {B946E74B-1B35-469C-90E4-D8447DC98FD1}
	EndGlobalSection
EndGlobal
